
Microsoft Visual Studio Solution File, Format Version 12.00
# Visual Studio Version 17
VisualStudioVersion = 17.4.33403.182
MinimumVisualStudioVersion = 10.0.40219.1
Project("{FAE04EC0-301F-11D3-BF4B-00C04F79EFBC}") = "2310857-Task4", "2310857-Task4\2310857-Task4.csproj", "{808BDF3A-AE4E-4026-AD74-93308D2232BF}"
EndProject
Global
	GlobalSection(SolutionConfigurationPlatforms) = preSolution
		Debug|Any CPU = Debug|Any CPU
		Release|Any CPU = Release|Any CPU
	EndGlobalSection
	GlobalSection(ProjectConfigurationPlatforms) = postSolution
		{808BDF3A-AE4E-4026-AD74-93308D2232BF}.Debug|Any CPU.ActiveCfg = Debug|Any CPU
		{808BDF3A-AE4E-4026-AD74-93308D2232BF}.Debug|Any CPU.Build.0 = Debug|Any CPU
		{808BDF3A-AE4E-4026-AD74-93308D2232BF}.Release|Any CPU.ActiveCfg = Release|Any CPU
		{808BDF3A-AE4E-4026-AD74-93308D2232BF}.Release|Any CPU.Build.0 = Release|Any CPU
	EndGlobalSection
	GlobalSection(SolutionProperties) = preSolution
		HideSolutionNode = FALSE
	EndGlobalSection
	GlobalSection(ExtensibilityGlobals) = postSolution
		SolutionGuid = {281BA412-0B77-476D-9C72-A779C3E54696}
	EndGlobalSection
EndGlobal
